
Microsoft Visual Studio Solution File, Format Version 12.00
# Visual Studio 15
VisualStudioVersion = 15.0.28307.539
MinimumVisualStudioVersion = 10.0.40219.1
Project("{FAE04EC0-301F-11D3-BF4B-00C04F79EFBC}") = "Common", "Common\Common.csproj", "{34F572D5-3D89-4848-BB24-4CB7675A486B}"
EndProject
Project("{FAE04EC0-301F-11D3-BF4B-00C04F79EFBC}") = "Models", "Models\Models.csproj", "{5C957D4E-4B83-4DC5-8E24-233B1D3F918C}"
EndProject
Project("{FAE04EC0-301F-11D3-BF4B-00C04F79EFBC}") = "Data", "Data\Data.csproj", "{ABCC1569-E910-4620-8684-DB044E8E287C}"
EndProject
Project("{FAE04EC0-301F-11D3-BF4B-00C04F79EFBC}") = "Service", "Service\Service.csproj", "{AC3FA327-0755-49DC-A884-6192C2869E02}"
EndProject
Project("{FAE04EC0-301F-11D3-BF4B-00C04F79EFBC}") = "API", "API\API.csproj", "{8F1572F2-6BF3-495E-918D-5B7925B77E04}"
EndProject
Global
	GlobalSection(SolutionConfigurationPlatforms) = preSolution
		Debug|Any CPU = Debug|Any CPU
		Release|Any CPU = Release|Any CPU
	EndGlobalSection
	GlobalSection(ProjectConfigurationPlatforms) = postSolution
		{34F572D5-3D89-4848-BB24-4CB7675A486B}.Debug|Any CPU.ActiveCfg = Debug|Any CPU
		{34F572D5-3D89-4848-BB24-4CB7675A486B}.Debug|Any CPU.Build.0 = Debug|Any CPU
		{34F572D5-3D89-4848-BB24-4CB7675A486B}.Release|Any CPU.ActiveCfg = Release|Any CPU
		{34F572D5-3D89-4848-BB24-4CB7675A486B}.Release|Any CPU.Build.0 = Release|Any CPU
		{5C957D4E-4B83-4DC5-8E24-233B1D3F918C}.Debug|Any CPU.ActiveCfg = Debug|Any CPU
		{5C957D4E-4B83-4DC5-8E24-233B1D3F918C}.Debug|Any CPU.Build.0 = Debug|Any CPU
		{5C957D4E-4B83-4DC5-8E24-233B1D3F918C}.Release|Any CPU.ActiveCfg = Release|Any CPU
		{5C957D4E-4B83-4DC5-8E24-233B1D3F918C}.Release|Any CPU.Build.0 = Release|Any CPU
		{ABCC1569-E910-4620-8684-DB044E8E287C}.Debug|Any CPU.ActiveCfg = Debug|Any CPU
		{ABCC1569-E910-4620-8684-DB044E8E287C}.Debug|Any CPU.Build.0 = Debug|Any CPU
		{ABCC1569-E910-4620-8684-DB044E8E287C}.Release|Any CPU.ActiveCfg = Release|Any CPU
		{ABCC1569-E910-4620-8684-DB044E8E287C}.Release|Any CPU.Build.0 = Release|Any CPU
		{AC3FA327-0755-49DC-A884-6192C2869E02}.Debug|Any CPU.ActiveCfg = Debug|Any CPU
		{AC3FA327-0755-49DC-A884-6192C2869E02}.Debug|Any CPU.Build.0 = Debug|Any CPU
		{AC3FA327-0755-49DC-A884-6192C2869E02}.Release|Any CPU.ActiveCfg = Release|Any CPU
		{AC3FA327-0755-49DC-A884-6192C2869E02}.Release|Any CPU.Build.0 = Release|Any CPU
		{8F1572F2-6BF3-495E-918D-5B7925B77E04}.Debug|Any CPU.ActiveCfg = Debug|Any CPU
		{8F1572F2-6BF3-495E-918D-5B7925B77E04}.Debug|Any CPU.Build.0 = Debug|Any CPU
		{8F1572F2-6BF3-495E-918D-5B7925B77E04}.Release|Any CPU.ActiveCfg = Release|Any CPU
		{8F1572F2-6BF3-495E-918D-5B7925B77E04}.Release|Any CPU.Build.0 = Release|Any CPU
	EndGlobalSection
	GlobalSection(SolutionProperties) = preSolution
		HideSolutionNode = FALSE
	EndGlobalSection
	GlobalSection(ExtensibilityGlobals) = postSolution
		SolutionGuid = {F11C4415-96E7-428B-B0D1-51791AC4FEF3}
	EndGlobalSection
EndGlobal
