
Microsoft Visual Studio Solution File, Format Version 12.00
# Visual Studio 15
VisualStudioVersion = 15.0.28307.539
MinimumVisualStudioVersion = 10.0.40219.1
Project("{FAE04EC0-301F-11D3-BF4B-00C04F79EFBC}") = "Common", "Common\Common.csproj", "{0B45F2F8-2460-40FC-9412-33775D2E674F}"
EndProject
Project("{FAE04EC0-301F-11D3-BF4B-00C04F79EFBC}") = "Data", "Data\Data.csproj", "{EC9B93F8-DCF4-4CBF-9C63-519F4F4141DF}"
EndProject
Project("{FAE04EC0-301F-11D3-BF4B-00C04F79EFBC}") = "Models", "Models\Models.csproj", "{E96F5C00-38B2-4F7A-8190-A42498A7DCE4}"
EndProject
Project("{FAE04EC0-301F-11D3-BF4B-00C04F79EFBC}") = "Service", "Service\Service.csproj", "{C94ED953-845D-46C6-91F2-58289DB30A16}"
EndProject
Project("{FAE04EC0-301F-11D3-BF4B-00C04F79EFBC}") = "WebAPI", "WebAPI\WebAPI.csproj", "{A84A8AE3-687F-47BE-9462-B72BD322667C}"
EndProject
Global
	GlobalSection(SolutionConfigurationPlatforms) = preSolution
		Debug|Any CPU = Debug|Any CPU
		Release|Any CPU = Release|Any CPU
	EndGlobalSection
	GlobalSection(ProjectConfigurationPlatforms) = postSolution
		{0B45F2F8-2460-40FC-9412-33775D2E674F}.Debug|Any CPU.ActiveCfg = Debug|Any CPU
		{0B45F2F8-2460-40FC-9412-33775D2E674F}.Debug|Any CPU.Build.0 = Debug|Any CPU
		{0B45F2F8-2460-40FC-9412-33775D2E674F}.Release|Any CPU.ActiveCfg = Release|Any CPU
		{0B45F2F8-2460-40FC-9412-33775D2E674F}.Release|Any CPU.Build.0 = Release|Any CPU
		{EC9B93F8-DCF4-4CBF-9C63-519F4F4141DF}.Debug|Any CPU.ActiveCfg = Debug|Any CPU
		{EC9B93F8-DCF4-4CBF-9C63-519F4F4141DF}.Debug|Any CPU.Build.0 = Debug|Any CPU
		{EC9B93F8-DCF4-4CBF-9C63-519F4F4141DF}.Release|Any CPU.ActiveCfg = Release|Any CPU
		{EC9B93F8-DCF4-4CBF-9C63-519F4F4141DF}.Release|Any CPU.Build.0 = Release|Any CPU
		{E96F5C00-38B2-4F7A-8190-A42498A7DCE4}.Debug|Any CPU.ActiveCfg = Debug|Any CPU
		{E96F5C00-38B2-4F7A-8190-A42498A7DCE4}.Debug|Any CPU.Build.0 = Debug|Any CPU
		{E96F5C00-38B2-4F7A-8190-A42498A7DCE4}.Release|Any CPU.ActiveCfg = Release|Any CPU
		{E96F5C00-38B2-4F7A-8190-A42498A7DCE4}.Release|Any CPU.Build.0 = Release|Any CPU
		{C94ED953-845D-46C6-91F2-58289DB30A16}.Debug|Any CPU.ActiveCfg = Debug|Any CPU
		{C94ED953-845D-46C6-91F2-58289DB30A16}.Debug|Any CPU.Build.0 = Debug|Any CPU
		{C94ED953-845D-46C6-91F2-58289DB30A16}.Release|Any CPU.ActiveCfg = Release|Any CPU
		{C94ED953-845D-46C6-91F2-58289DB30A16}.Release|Any CPU.Build.0 = Release|Any CPU
		{A84A8AE3-687F-47BE-9462-B72BD322667C}.Debug|Any CPU.ActiveCfg = Debug|Any CPU
		{A84A8AE3-687F-47BE-9462-B72BD322667C}.Debug|Any CPU.Build.0 = Debug|Any CPU
		{A84A8AE3-687F-47BE-9462-B72BD322667C}.Release|Any CPU.ActiveCfg = Release|Any CPU
		{A84A8AE3-687F-47BE-9462-B72BD322667C}.Release|Any CPU.Build.0 = Release|Any CPU
	EndGlobalSection
	GlobalSection(SolutionProperties) = preSolution
		HideSolutionNode = FALSE
	EndGlobalSection
	GlobalSection(ExtensibilityGlobals) = postSolution
		SolutionGuid = {A6A7805F-63A2-4C22-A566-564672CA2223}
	EndGlobalSection
EndGlobal
